
Microsoft Visual Studio Solution File, Format Version 12.00
# Visual Studio Version 16
VisualStudioVersion = 16.0.30907.101
MinimumVisualStudioVersion = 10.0.40219.1
Project("{9A19103F-16F7-4668-BE54-9A1E7A4F7556}") = "HaloBiz", "HaloBiz\HaloBiz.csproj", "{ABBD5EB3-F49F-4F6D-BE59-BF2711DFDEF9}"
EndProject
Project("{9A19103F-16F7-4668-BE54-9A1E7A4F7556}") = "HalobizIdentityServer", "HalobizIdentityServer\HalobizIdentityServer.csproj", "{98BD359E-5E6E-4673-8262-279000770F4D}"
EndProject
Project("{FAE04EC0-301F-11D3-BF4B-00C04F79EFBC}") = "Halobiz.Common", "Halobiz.Common\Halobiz.Common.csproj", "{89E1CDA2-5433-4616-8DB4-719E446380CD}"
EndProject
Global
	GlobalSection(SolutionConfigurationPlatforms) = preSolution
		Debug|Any CPU = Debug|Any CPU
		Release|Any CPU = Release|Any CPU
	EndGlobalSection
	GlobalSection(ProjectConfigurationPlatforms) = postSolution
		{ABBD5EB3-F49F-4F6D-BE59-BF2711DFDEF9}.Debug|Any CPU.ActiveCfg = Debug|Any CPU
		{ABBD5EB3-F49F-4F6D-BE59-BF2711DFDEF9}.Debug|Any CPU.Build.0 = Debug|Any CPU
		{ABBD5EB3-F49F-4F6D-BE59-BF2711DFDEF9}.Release|Any CPU.ActiveCfg = Release|Any CPU
		{ABBD5EB3-F49F-4F6D-BE59-BF2711DFDEF9}.Release|Any CPU.Build.0 = Release|Any CPU
		{98BD359E-5E6E-4673-8262-279000770F4D}.Debug|Any CPU.ActiveCfg = Debug|Any CPU
		{98BD359E-5E6E-4673-8262-279000770F4D}.Debug|Any CPU.Build.0 = Debug|Any CPU
		{98BD359E-5E6E-4673-8262-279000770F4D}.Release|Any CPU.ActiveCfg = Release|Any CPU
		{98BD359E-5E6E-4673-8262-279000770F4D}.Release|Any CPU.Build.0 = Release|Any CPU
		{89E1CDA2-5433-4616-8DB4-719E446380CD}.Debug|Any CPU.ActiveCfg = Debug|Any CPU
		{89E1CDA2-5433-4616-8DB4-719E446380CD}.Debug|Any CPU.Build.0 = Debug|Any CPU
		{89E1CDA2-5433-4616-8DB4-719E446380CD}.Release|Any CPU.ActiveCfg = Release|Any CPU
		{89E1CDA2-5433-4616-8DB4-719E446380CD}.Release|Any CPU.Build.0 = Release|Any CPU
	EndGlobalSection
	GlobalSection(SolutionProperties) = preSolution
		HideSolutionNode = FALSE
	EndGlobalSection
	GlobalSection(ExtensibilityGlobals) = postSolution
		SolutionGuid = {1A55469A-2D83-4675-9D04-11CF18D68B7C}
	EndGlobalSection
EndGlobal
