
Microsoft Visual Studio Solution File, Format Version 12.00
# Visual Studio Version 16
VisualStudioVersion = 16.0.30907.101
MinimumVisualStudioVersion = 10.0.40219.1
Project("{9A19103F-16F7-4668-BE54-9A1E7A4F7556}") = "HaloBiz", "HaloBiz.csproj", "{F7D45222-64A0-4CD9-B814-49152DA79840}"
EndProject
Global
	GlobalSection(SolutionConfigurationPlatforms) = preSolution
		Debug|Any CPU = Debug|Any CPU
		Release|Any CPU = Release|Any CPU
	EndGlobalSection
	GlobalSection(ProjectConfigurationPlatforms) = postSolution
		{F7D45222-64A0-4CD9-B814-49152DA79840}.Debug|Any CPU.ActiveCfg = Debug|Any CPU
		{F7D45222-64A0-4CD9-B814-49152DA79840}.Debug|Any CPU.Build.0 = Debug|Any CPU
		{F7D45222-64A0-4CD9-B814-49152DA79840}.Release|Any CPU.ActiveCfg = Release|Any CPU
		{F7D45222-64A0-4CD9-B814-49152DA79840}.Release|Any CPU.Build.0 = Release|Any CPU
	EndGlobalSection
	GlobalSection(SolutionProperties) = preSolution
		HideSolutionNode = FALSE
	EndGlobalSection
	GlobalSection(ExtensibilityGlobals) = postSolution
		SolutionGuid = {694DE229-CA3B-4F99-85B0-01CAAFB2F941}
	EndGlobalSection
EndGlobal
